# This file is automatically @generated by Cargo.
# It is not intended for manual editing.
version = 3

[[package]]
name = "detached-str"
version = "0.1.0"

[[package]]
name = "unidoc"
version = "0.1.0"
dependencies = [
 "unidoc-parser",
]

[[package]]
name = "unidoc-parser"
version = "0.1.0"
dependencies = [
 "detached-str",
]

[[package]]
name = "unidoc-to-html"
version = "0.1.0"
dependencies = [
 "unidoc-parser",
]
