# This file is automatically @generated by Cargo.
# It is not intended for manual editing.
version = 3

[[package]]
name = "asciimath-rs"
version = "0.5.8"
source = "registry+https://github.com/rust-lang/crates.io-index"
checksum = "ed7f3813e3a1c4a76d4d591826bed4d37e13165728cbee5ea7004269b311ab3a"
dependencies = [
 "charred",
 "htmlescape",
 "lazy_static",
 "maplit",
]

[[package]]
name = "charred"
version = "0.3.6"
source = "registry+https://github.com/rust-lang/crates.io-index"
checksum = "4163b788273102d5de1aaf35a76b1c0e347844842f5278d4d738ad08170e0ea8"

[[package]]
name = "detached-str"
version = "0.1.0"

[[package]]
name = "deunicode"
version = "0.4.3"
source = "registry+https://github.com/rust-lang/crates.io-index"
checksum = "850878694b7933ca4c9569d30a34b55031b9b139ee1fc7b94a527c4ef960d690"

[[package]]
name = "either"
version = "1.6.1"
source = "registry+https://github.com/rust-lang/crates.io-index"
checksum = "e78d4f1cc4ae33bbfc157ed5d5a5ef3bc29227303d595861deb238fcec4e9457"

[[package]]
name = "htmlescape"
version = "0.3.1"
source = "registry+https://github.com/rust-lang/crates.io-index"
checksum = "e9025058dae765dee5070ec375f591e2ba14638c63feff74f13805a72e523163"

[[package]]
name = "itertools"
version = "0.10.0"
source = "registry+https://github.com/rust-lang/crates.io-index"
checksum = "37d572918e350e82412fe766d24b15e6682fb2ed2bbe018280caa810397cb319"
dependencies = [
 "either",
]

[[package]]
name = "lazy_static"
version = "1.4.0"
source = "registry+https://github.com/rust-lang/crates.io-index"
checksum = "e2abad23fbc42b3700f2f279844dc832adb2b2eb069b2df918f455c4e18cc646"

[[package]]
name = "maplit"
version = "1.0.2"
source = "registry+https://github.com/rust-lang/crates.io-index"
checksum = "3e2e65a1a2e43cfcb47a895c4c8b10d1f4a61097f9f254f183aee60cad9c651d"

[[package]]
name = "similar"
version = "1.3.0"
source = "registry+https://github.com/rust-lang/crates.io-index"
checksum = "1ad1d488a557b235fc46dae55512ffbfc429d2482b08b4d9435ab07384ca8aec"

[[package]]
name = "slug"
version = "0.1.4"
source = "registry+https://github.com/rust-lang/crates.io-index"
checksum = "b3bc762e6a4b6c6fcaade73e77f9ebc6991b676f88bb2358bddb56560f073373"
dependencies = [
 "deunicode",
]

[[package]]
name = "unidoc"
version = "0.1.0"
dependencies = [
 "similar",
 "unidoc-parser",
 "unidoc-to-html",
]

[[package]]
name = "unidoc-parser"
version = "0.1.0"
dependencies = [
 "detached-str",
 "unidoc-repr",
]

[[package]]
name = "unidoc-repr"
version = "0.1.0"
dependencies = [
 "detached-str",
 "slug",
]

[[package]]
name = "unidoc-to-html"
version = "0.1.0"
dependencies = [
 "asciimath-rs",
 "itertools",
 "unidoc-parser",
 "unidoc-repr",
]
